
Microsoft Visual Studio Solution File, Format Version 12.00
# Visual Studio Version 17
VisualStudioVersion = 17.4.33403.182
MinimumVisualStudioVersion = 10.0.40219.1
Project("{8BC9CEB8-8B4A-11D0-8D11-00A0C91BC942}") = "cprojec51j", "cprojec51j\cprojec51j.vcxproj", "{640BC29B-0891-411E-8D6F-4A268FACB745}"
EndProject
Project("{8BC9CEB8-8B4A-11D0-8D11-00A0C91BC942}") = "cproject51jday2", "cproject51jday2\cproject51jday2.vcxproj", "{8956F94B-6B33-4813-9597-6DE07ADD0492}"
EndProject
Project("{8BC9CEB8-8B4A-11D0-8D11-00A0C91BC942}") = "day51j", "day51j\day51j.vcxproj", "{F5186659-30CA-4259-84A0-FD4FCC724961}"
EndProject
Project("{8BC9CEB8-8B4A-11D0-8D11-00A0C91BC942}") = "Omok", "Omok\Omok.vcxproj", "{32036404-25A2-462E-925C-247F9F1DFA32}"
EndProject
Global
	GlobalSection(SolutionConfigurationPlatforms) = preSolution
		Debug|x64 = Debug|x64
		Debug|x86 = Debug|x86
		Release|x64 = Release|x64
		Release|x86 = Release|x86
	EndGlobalSection
	GlobalSection(ProjectConfigurationPlatforms) = postSolution
		{640BC29B-0891-411E-8D6F-4A268FACB745}.Debug|x64.ActiveCfg = Debug|x64
		{640BC29B-0891-411E-8D6F-4A268FACB745}.Debug|x64.Build.0 = Debug|x64
		{640BC29B-0891-411E-8D6F-4A268FACB745}.Debug|x86.ActiveCfg = Debug|Win32
		{640BC29B-0891-411E-8D6F-4A268FACB745}.Debug|x86.Build.0 = Debug|Win32
		{640BC29B-0891-411E-8D6F-4A268FACB745}.Release|x64.ActiveCfg = Release|x64
		{640BC29B-0891-411E-8D6F-4A268FACB745}.Release|x64.Build.0 = Release|x64
		{640BC29B-0891-411E-8D6F-4A268FACB745}.Release|x86.ActiveCfg = Release|Win32
		{640BC29B-0891-411E-8D6F-4A268FACB745}.Release|x86.Build.0 = Release|Win32
		{8956F94B-6B33-4813-9597-6DE07ADD0492}.Debug|x64.ActiveCfg = Debug|x64
		{8956F94B-6B33-4813-9597-6DE07ADD0492}.Debug|x64.Build.0 = Debug|x64
		{8956F94B-6B33-4813-9597-6DE07ADD0492}.Debug|x86.ActiveCfg = Debug|Win32
		{8956F94B-6B33-4813-9597-6DE07ADD0492}.Debug|x86.Build.0 = Debug|Win32
		{8956F94B-6B33-4813-9597-6DE07ADD0492}.Release|x64.ActiveCfg = Release|x64
		{8956F94B-6B33-4813-9597-6DE07ADD0492}.Release|x64.Build.0 = Release|x64
		{8956F94B-6B33-4813-9597-6DE07ADD0492}.Release|x86.ActiveCfg = Release|Win32
		{8956F94B-6B33-4813-9597-6DE07ADD0492}.Release|x86.Build.0 = Release|Win32
		{F5186659-30CA-4259-84A0-FD4FCC724961}.Debug|x64.ActiveCfg = Debug|x64
		{F5186659-30CA-4259-84A0-FD4FCC724961}.Debug|x64.Build.0 = Debug|x64
		{F5186659-30CA-4259-84A0-FD4FCC724961}.Debug|x86.ActiveCfg = Debug|Win32
		{F5186659-30CA-4259-84A0-FD4FCC724961}.Debug|x86.Build.0 = Debug|Win32
		{F5186659-30CA-4259-84A0-FD4FCC724961}.Release|x64.ActiveCfg = Release|x64
		{F5186659-30CA-4259-84A0-FD4FCC724961}.Release|x64.Build.0 = Release|x64
		{F5186659-30CA-4259-84A0-FD4FCC724961}.Release|x86.ActiveCfg = Release|Win32
		{F5186659-30CA-4259-84A0-FD4FCC724961}.Release|x86.Build.0 = Release|Win32
		{32036404-25A2-462E-925C-247F9F1DFA32}.Debug|x64.ActiveCfg = Debug|x64
		{32036404-25A2-462E-925C-247F9F1DFA32}.Debug|x64.Build.0 = Debug|x64
		{32036404-25A2-462E-925C-247F9F1DFA32}.Debug|x86.ActiveCfg = Debug|Win32
		{32036404-25A2-462E-925C-247F9F1DFA32}.Debug|x86.Build.0 = Debug|Win32
		{32036404-25A2-462E-925C-247F9F1DFA32}.Release|x64.ActiveCfg = Release|x64
		{32036404-25A2-462E-925C-247F9F1DFA32}.Release|x64.Build.0 = Release|x64
		{32036404-25A2-462E-925C-247F9F1DFA32}.Release|x86.ActiveCfg = Release|Win32
		{32036404-25A2-462E-925C-247F9F1DFA32}.Release|x86.Build.0 = Release|Win32
	EndGlobalSection
	GlobalSection(SolutionProperties) = preSolution
		HideSolutionNode = FALSE
	EndGlobalSection
	GlobalSection(ExtensibilityGlobals) = postSolution
		SolutionGuid = {FF46F398-9D6B-4182-BB73-E20C4ECCF2DE}
	EndGlobalSection
EndGlobal
